
Microsoft Visual Studio Solution File, Format Version 12.00
# Visual Studio Version 16
VisualStudioVersion = 16.0.29613.14
MinimumVisualStudioVersion = 10.0.40219.1
Project("{FAE04EC0-301F-11D3-BF4B-00C04F79EFBC}") = "Dropouts_SH", "Dropouts\Dropouts_SH.csproj", "{99F541EC-7DF9-432F-BF80-351C99F864C2}"
EndProject
Global
	GlobalSection(SolutionConfigurationPlatforms) = preSolution
		Debug|Any CPU = Debug|Any CPU
		Release|Any CPU = Release|Any CPU
	EndGlobalSection
	GlobalSection(ProjectConfigurationPlatforms) = postSolution
		{99F541EC-7DF9-432F-BF80-351C99F864C2}.Debug|Any CPU.ActiveCfg = Debug|Any CPU
		{99F541EC-7DF9-432F-BF80-351C99F864C2}.Debug|Any CPU.Build.0 = Debug|Any CPU
		{99F541EC-7DF9-432F-BF80-351C99F864C2}.Release|Any CPU.ActiveCfg = Release|Any CPU
		{99F541EC-7DF9-432F-BF80-351C99F864C2}.Release|Any CPU.Build.0 = Release|Any CPU
	EndGlobalSection
	GlobalSection(SolutionProperties) = preSolution
		HideSolutionNode = FALSE
	EndGlobalSection
	GlobalSection(ExtensibilityGlobals) = postSolution
		SolutionGuid = {41AD8E30-11E5-40EC-BA66-6AC8562DE092}
	EndGlobalSection
EndGlobal
